
Microsoft Visual Studio Solution File, Format Version 12.00
# Visual Studio Version 17
VisualStudioVersion = 17.5.33103.201
MinimumVisualStudioVersion = 10.0.40219.1
Project("{9A19103F-16F7-4668-BE54-9A1E7A4F7556}") = "CodingTool", "CodingTool\CodingTool.csproj", "{66A9D29D-A475-4DE6-A805-D13D9849B72D}"
EndProject
Project("{9A19103F-16F7-4668-BE54-9A1E7A4F7556}") = "CoodingTool.Data", "CoodingTool.Data\CoodingTool.Data.csproj", "{4ED2D2FB-7D74-4D29-B329-B94ACCA4AD7A}"
EndProject
Project("{9A19103F-16F7-4668-BE54-9A1E7A4F7556}") = "CodingTool.Services", "CodingTool.Services\CodingTool.Services.csproj", "{78F00D41-039E-41C1-AE61-688582570B1F}"
EndProject
Project("{9A19103F-16F7-4668-BE54-9A1E7A4F7556}") = "CodingCommon", "CodingCommon\CodingCommon.csproj", "{B7907BED-48D8-44BD-ADFE-61E0D6BF3BE1}"
EndProject
Project("{9A19103F-16F7-4668-BE54-9A1E7A4F7556}") = "CodingCommonTests", "CodingCommonTests\CodingCommonTests.csproj", "{A7C2B96E-A5A8-4A10-82A5-24AB600393AC}"
EndProject
Project("{9A19103F-16F7-4668-BE54-9A1E7A4F7556}") = "CodingToolTests", "CodingToolTests\CodingToolTests.csproj", "{57AF4BC0-13B2-4741-8C14-926F3D85CABB}"
EndProject
Project("{2150E333-8FDC-42A3-9474-1A3956D46DE8}") = "Test", "Test", "{8EC8D38D-7DCE-4A75-A987-638AA4B1BF07}"
EndProject
Project("{FAE04EC0-301F-11D3-BF4B-00C04F79EFBC}") = "CodingTool.Models", "CodingTool.Models\CodingTool.Models.csproj", "{27E2411D-5809-407D-9FD8-3370C9B6BC1B}"
EndProject
Global
	GlobalSection(SolutionConfigurationPlatforms) = preSolution
		Debug|Any CPU = Debug|Any CPU
		Release|Any CPU = Release|Any CPU
	EndGlobalSection
	GlobalSection(ProjectConfigurationPlatforms) = postSolution
		{66A9D29D-A475-4DE6-A805-D13D9849B72D}.Debug|Any CPU.ActiveCfg = Debug|Any CPU
		{66A9D29D-A475-4DE6-A805-D13D9849B72D}.Debug|Any CPU.Build.0 = Debug|Any CPU
		{66A9D29D-A475-4DE6-A805-D13D9849B72D}.Release|Any CPU.ActiveCfg = Release|Any CPU
		{66A9D29D-A475-4DE6-A805-D13D9849B72D}.Release|Any CPU.Build.0 = Release|Any CPU
		{4ED2D2FB-7D74-4D29-B329-B94ACCA4AD7A}.Debug|Any CPU.ActiveCfg = Debug|Any CPU
		{4ED2D2FB-7D74-4D29-B329-B94ACCA4AD7A}.Debug|Any CPU.Build.0 = Debug|Any CPU
		{4ED2D2FB-7D74-4D29-B329-B94ACCA4AD7A}.Release|Any CPU.ActiveCfg = Release|Any CPU
		{4ED2D2FB-7D74-4D29-B329-B94ACCA4AD7A}.Release|Any CPU.Build.0 = Release|Any CPU
		{78F00D41-039E-41C1-AE61-688582570B1F}.Debug|Any CPU.ActiveCfg = Debug|Any CPU
		{78F00D41-039E-41C1-AE61-688582570B1F}.Debug|Any CPU.Build.0 = Debug|Any CPU
		{78F00D41-039E-41C1-AE61-688582570B1F}.Release|Any CPU.ActiveCfg = Release|Any CPU
		{78F00D41-039E-41C1-AE61-688582570B1F}.Release|Any CPU.Build.0 = Release|Any CPU
		{B7907BED-48D8-44BD-ADFE-61E0D6BF3BE1}.Debug|Any CPU.ActiveCfg = Debug|Any CPU
		{B7907BED-48D8-44BD-ADFE-61E0D6BF3BE1}.Debug|Any CPU.Build.0 = Debug|Any CPU
		{B7907BED-48D8-44BD-ADFE-61E0D6BF3BE1}.Release|Any CPU.ActiveCfg = Release|Any CPU
		{B7907BED-48D8-44BD-ADFE-61E0D6BF3BE1}.Release|Any CPU.Build.0 = Release|Any CPU
		{A7C2B96E-A5A8-4A10-82A5-24AB600393AC}.Debug|Any CPU.ActiveCfg = Debug|Any CPU
		{A7C2B96E-A5A8-4A10-82A5-24AB600393AC}.Debug|Any CPU.Build.0 = Debug|Any CPU
		{A7C2B96E-A5A8-4A10-82A5-24AB600393AC}.Release|Any CPU.ActiveCfg = Release|Any CPU
		{A7C2B96E-A5A8-4A10-82A5-24AB600393AC}.Release|Any CPU.Build.0 = Release|Any CPU
		{57AF4BC0-13B2-4741-8C14-926F3D85CABB}.Debug|Any CPU.ActiveCfg = Debug|Any CPU
		{57AF4BC0-13B2-4741-8C14-926F3D85CABB}.Debug|Any CPU.Build.0 = Debug|Any CPU
		{57AF4BC0-13B2-4741-8C14-926F3D85CABB}.Release|Any CPU.ActiveCfg = Release|Any CPU
		{57AF4BC0-13B2-4741-8C14-926F3D85CABB}.Release|Any CPU.Build.0 = Release|Any CPU
		{27E2411D-5809-407D-9FD8-3370C9B6BC1B}.Debug|Any CPU.ActiveCfg = Debug|Any CPU
		{27E2411D-5809-407D-9FD8-3370C9B6BC1B}.Debug|Any CPU.Build.0 = Debug|Any CPU
		{27E2411D-5809-407D-9FD8-3370C9B6BC1B}.Release|Any CPU.ActiveCfg = Release|Any CPU
		{27E2411D-5809-407D-9FD8-3370C9B6BC1B}.Release|Any CPU.Build.0 = Release|Any CPU
	EndGlobalSection
	GlobalSection(SolutionProperties) = preSolution
		HideSolutionNode = FALSE
	EndGlobalSection
	GlobalSection(NestedProjects) = preSolution
		{A7C2B96E-A5A8-4A10-82A5-24AB600393AC} = {8EC8D38D-7DCE-4A75-A987-638AA4B1BF07}
		{57AF4BC0-13B2-4741-8C14-926F3D85CABB} = {8EC8D38D-7DCE-4A75-A987-638AA4B1BF07}
	EndGlobalSection
	GlobalSection(ExtensibilityGlobals) = postSolution
		SolutionGuid = {DDBAB447-B3FB-4C0D-894A-70395CF86554}
	EndGlobalSection
EndGlobal
